
Microsoft Visual Studio Solution File, Format Version 12.00
# Visual Studio 14
VisualStudioVersion = 14.0.23107.0
MinimumVisualStudioVersion = 10.0.40219.1
Project("{FAE04EC0-301F-11D3-BF4B-00C04F79EFBC}") = "MtgElo.Wpf", "MtgElo.Wpf\MtgElo.Wpf.csproj", "{FF47C5E0-97CD-4FA0-8228-373201316DD6}"
EndProject
Project("{FAE04EC0-301F-11D3-BF4B-00C04F79EFBC}") = "MtgElo.Core", "MtgElo.Core\MtgElo.Core.csproj", "{9B31A68E-FDAA-400F-896D-C4CC3DA305E4}"
EndProject
Global
	GlobalSection(SolutionConfigurationPlatforms) = preSolution
		Debug|Any CPU = Debug|Any CPU
		Release|Any CPU = Release|Any CPU
	EndGlobalSection
	GlobalSection(ProjectConfigurationPlatforms) = postSolution
		{FF47C5E0-97CD-4FA0-8228-373201316DD6}.Debug|Any CPU.ActiveCfg = Debug|Any CPU
		{FF47C5E0-97CD-4FA0-8228-373201316DD6}.Debug|Any CPU.Build.0 = Debug|Any CPU
		{FF47C5E0-97CD-4FA0-8228-373201316DD6}.Release|Any CPU.ActiveCfg = Release|Any CPU
		{FF47C5E0-97CD-4FA0-8228-373201316DD6}.Release|Any CPU.Build.0 = Release|Any CPU
		{9B31A68E-FDAA-400F-896D-C4CC3DA305E4}.Debug|Any CPU.ActiveCfg = Debug|Any CPU
		{9B31A68E-FDAA-400F-896D-C4CC3DA305E4}.Debug|Any CPU.Build.0 = Debug|Any CPU
		{9B31A68E-FDAA-400F-896D-C4CC3DA305E4}.Release|Any CPU.ActiveCfg = Release|Any CPU
		{9B31A68E-FDAA-400F-896D-C4CC3DA305E4}.Release|Any CPU.Build.0 = Release|Any CPU
	EndGlobalSection
	GlobalSection(SolutionProperties) = preSolution
		HideSolutionNode = FALSE
	EndGlobalSection
EndGlobal
